
Microsoft Visual Studio Solution File, Format Version 12.00
# Visual Studio Version 17
VisualStudioVersion = 17.4.33103.184
MinimumVisualStudioVersion = 10.0.40219.1
Project("{9A19103F-16F7-4668-BE54-9A1E7A4F7556}") = "TestonixR", "TestonixR.csproj", "{C8F3B968-4FEE-455D-BACD-4645281B2CA1}"
EndProject
Global
	GlobalSection(SolutionConfigurationPlatforms) = preSolution
		Debug|Any CPU = Debug|Any CPU
		Release|Any CPU = Release|Any CPU
	EndGlobalSection
	GlobalSection(ProjectConfigurationPlatforms) = postSolution
		{C8F3B968-4FEE-455D-BACD-4645281B2CA1}.Debug|Any CPU.ActiveCfg = Debug|Any CPU
		{C8F3B968-4FEE-455D-BACD-4645281B2CA1}.Debug|Any CPU.Build.0 = Debug|Any CPU
		{C8F3B968-4FEE-455D-BACD-4645281B2CA1}.Release|Any CPU.ActiveCfg = Release|Any CPU
		{C8F3B968-4FEE-455D-BACD-4645281B2CA1}.Release|Any CPU.Build.0 = Release|Any CPU
	EndGlobalSection
	GlobalSection(SolutionProperties) = preSolution
		HideSolutionNode = FALSE
	EndGlobalSection
	GlobalSection(ExtensibilityGlobals) = postSolution
		SolutionGuid = {6C2E6EE6-8A32-42C1-94B1-8901452D5E63}
	EndGlobalSection
EndGlobal
